
Microsoft Visual Studio Solution File, Format Version 12.00
# Visual Studio Version 16
VisualStudioVersion = 16.0.31613.86
MinimumVisualStudioVersion = 10.0.40219.1
Project("{9A19103F-16F7-4668-BE54-9A1E7A4F7556}") = "Test", "ConsoleApp1\Test.csproj", "{2E45CA31-BEDF-4F45-A2C9-9D010AA129BF}"
EndProject
Project("{9A19103F-16F7-4668-BE54-9A1E7A4F7556}") = "Entidades", "Entidades\Entidades.csproj", "{F248A3BE-AB53-4DC0-B458-5CF34BE733DC}"
EndProject
Project("{9A19103F-16F7-4668-BE54-9A1E7A4F7556}") = "AeronaveForm", "AeronaveForm\AeronaveForm.csproj", "{B217C317-0D16-45AD-AFD7-11CD24431197}"
EndProject
Project("{FAE04EC0-301F-11D3-BF4B-00C04F79EFBC}") = "UnitTest", "UnitTest\UnitTest.csproj", "{BEB77812-18D5-4907-AE9A-CAB0BE3E7B22}"
EndProject
Global
	GlobalSection(SolutionConfigurationPlatforms) = preSolution
		Debug|Any CPU = Debug|Any CPU
		Release|Any CPU = Release|Any CPU
	EndGlobalSection
	GlobalSection(ProjectConfigurationPlatforms) = postSolution
		{2E45CA31-BEDF-4F45-A2C9-9D010AA129BF}.Debug|Any CPU.ActiveCfg = Debug|Any CPU
		{2E45CA31-BEDF-4F45-A2C9-9D010AA129BF}.Debug|Any CPU.Build.0 = Debug|Any CPU
		{2E45CA31-BEDF-4F45-A2C9-9D010AA129BF}.Release|Any CPU.ActiveCfg = Release|Any CPU
		{2E45CA31-BEDF-4F45-A2C9-9D010AA129BF}.Release|Any CPU.Build.0 = Release|Any CPU
		{F248A3BE-AB53-4DC0-B458-5CF34BE733DC}.Debug|Any CPU.ActiveCfg = Debug|Any CPU
		{F248A3BE-AB53-4DC0-B458-5CF34BE733DC}.Debug|Any CPU.Build.0 = Debug|Any CPU
		{F248A3BE-AB53-4DC0-B458-5CF34BE733DC}.Release|Any CPU.ActiveCfg = Release|Any CPU
		{F248A3BE-AB53-4DC0-B458-5CF34BE733DC}.Release|Any CPU.Build.0 = Release|Any CPU
		{B217C317-0D16-45AD-AFD7-11CD24431197}.Debug|Any CPU.ActiveCfg = Debug|Any CPU
		{B217C317-0D16-45AD-AFD7-11CD24431197}.Debug|Any CPU.Build.0 = Debug|Any CPU
		{B217C317-0D16-45AD-AFD7-11CD24431197}.Release|Any CPU.ActiveCfg = Release|Any CPU
		{B217C317-0D16-45AD-AFD7-11CD24431197}.Release|Any CPU.Build.0 = Release|Any CPU
		{BEB77812-18D5-4907-AE9A-CAB0BE3E7B22}.Debug|Any CPU.ActiveCfg = Debug|Any CPU
		{BEB77812-18D5-4907-AE9A-CAB0BE3E7B22}.Debug|Any CPU.Build.0 = Debug|Any CPU
		{BEB77812-18D5-4907-AE9A-CAB0BE3E7B22}.Release|Any CPU.ActiveCfg = Release|Any CPU
		{BEB77812-18D5-4907-AE9A-CAB0BE3E7B22}.Release|Any CPU.Build.0 = Release|Any CPU
	EndGlobalSection
	GlobalSection(SolutionProperties) = preSolution
		HideSolutionNode = FALSE
	EndGlobalSection
	GlobalSection(ExtensibilityGlobals) = postSolution
		SolutionGuid = {F8CB3CD0-733A-4C0E-B9A0-DEE585A38798}
	EndGlobalSection
EndGlobal
